
Microsoft Visual Studio Solution File, Format Version 12.00
# Visual Studio Version 17
VisualStudioVersion = 17.6.33815.320
MinimumVisualStudioVersion = 10.0.40219.1
Project("{FAE04EC0-301F-11D3-BF4B-00C04F79EFBC}") = "gyak11-12", "gyak11-12\gyak11-12.csproj", "{37A2AA3B-3F80-4E09-890C-05D75ABCFE68}"
EndProject
Global
	GlobalSection(SolutionConfigurationPlatforms) = preSolution
		Debug|Any CPU = Debug|Any CPU
		Release|Any CPU = Release|Any CPU
	EndGlobalSection
	GlobalSection(ProjectConfigurationPlatforms) = postSolution
		{37A2AA3B-3F80-4E09-890C-05D75ABCFE68}.Debug|Any CPU.ActiveCfg = Debug|Any CPU
		{37A2AA3B-3F80-4E09-890C-05D75ABCFE68}.Debug|Any CPU.Build.0 = Debug|Any CPU
		{37A2AA3B-3F80-4E09-890C-05D75ABCFE68}.Release|Any CPU.ActiveCfg = Release|Any CPU
		{37A2AA3B-3F80-4E09-890C-05D75ABCFE68}.Release|Any CPU.Build.0 = Release|Any CPU
	EndGlobalSection
	GlobalSection(SolutionProperties) = preSolution
		HideSolutionNode = FALSE
	EndGlobalSection
	GlobalSection(ExtensibilityGlobals) = postSolution
		SolutionGuid = {0C4B66DE-0A4F-4111-89A5-8D9131F75526}
	EndGlobalSection
EndGlobal
